
Microsoft Visual Studio Solution File, Format Version 12.00
# Visual Studio Version 17
VisualStudioVersion = 17.14.36623.8 d17.14
MinimumVisualStudioVersion = 10.0.40219.1
Project("{FAE04EC0-301F-11D3-BF4B-00C04F79EFBC}") = "servidor-simple", "servidor-simple\servidor-simple.csproj", "{6A125661-642A-4378-9A9D-2C21D3B8E3EC}"
EndProject
Global
	GlobalSection(SolutionConfigurationPlatforms) = preSolution
		Debug|Any CPU = Debug|Any CPU
		Release|Any CPU = Release|Any CPU
	EndGlobalSection
	GlobalSection(ProjectConfigurationPlatforms) = postSolution
		{6A125661-642A-4378-9A9D-2C21D3B8E3EC}.Debug|Any CPU.ActiveCfg = Debug|Any CPU
		{6A125661-642A-4378-9A9D-2C21D3B8E3EC}.Debug|Any CPU.Build.0 = Debug|Any CPU
		{6A125661-642A-4378-9A9D-2C21D3B8E3EC}.Release|Any CPU.ActiveCfg = Release|Any CPU
		{6A125661-642A-4378-9A9D-2C21D3B8E3EC}.Release|Any CPU.Build.0 = Release|Any CPU
	EndGlobalSection
	GlobalSection(SolutionProperties) = preSolution
		HideSolutionNode = FALSE
	EndGlobalSection
	GlobalSection(ExtensibilityGlobals) = postSolution
		SolutionGuid = {21310D45-9551-4E64-9C39-3E81264BFDFB}
	EndGlobalSection
EndGlobal
